{
    "_meta": {
        "hash": {
            "sha256": "071772383c00e9eec82bf43c713bed15660bea87acc75a6a544d47d4645b8a82"
        },
        "pipfile-spec": 6,
        "requires": {
            "python_version": "3.8"
        },
        "sources": [
            {
                "name": "pypi",
                "url": "https://pypi.org/simple",
                "verify_ssl": true
            }
        ]
    },
    "default": {
        "construct": {
            "hashes": [
                "sha256:97ba13edcd98546f10f7555af41c8ce7ae9d8221525ec4062c03f9adbf940661"
            ],
            "index": "pypi",
            "version": "==2.10.56"
        }
    },
    "develop": {}
}
